
Microsoft Visual Studio Solution File, Format Version 12.00
# Visual Studio Version 16
VisualStudioVersion = 16.0.30611.23
MinimumVisualStudioVersion = 10.0.40219.1
Project("{FAE04EC0-301F-11D3-BF4B-00C04F79EFBC}") = "ReqResLiteDb", "ReqResLiteDb.csproj", "{46CE482D-E1B7-4F52-9D29-B0017CE1F272}"
EndProject
Global
	GlobalSection(SolutionConfigurationPlatforms) = preSolution
		Debug|Any CPU = Debug|Any CPU
		Release|Any CPU = Release|Any CPU
	EndGlobalSection
	GlobalSection(ProjectConfigurationPlatforms) = postSolution
		{46CE482D-E1B7-4F52-9D29-B0017CE1F272}.Debug|Any CPU.ActiveCfg = Debug|Any CPU
		{46CE482D-E1B7-4F52-9D29-B0017CE1F272}.Debug|Any CPU.Build.0 = Debug|Any CPU
		{46CE482D-E1B7-4F52-9D29-B0017CE1F272}.Release|Any CPU.ActiveCfg = Release|Any CPU
		{46CE482D-E1B7-4F52-9D29-B0017CE1F272}.Release|Any CPU.Build.0 = Release|Any CPU
	EndGlobalSection
	GlobalSection(SolutionProperties) = preSolution
		HideSolutionNode = FALSE
	EndGlobalSection
	GlobalSection(ExtensibilityGlobals) = postSolution
		SolutionGuid = {EA48E8A4-CE43-40BB-BEF0-8541CD523BA0}
	EndGlobalSection
EndGlobal
